// !$*UTF8*$!
{
	archiveVersion = 1;
	classes = {
	};
	objectVersion = 56;
	objects = {

/* Begin PBXBuildFile section */
		06171A7A29DA8815009974CE /* BottomBarView.swift in Sources */ = {isa = PBXBuildFile; fileRef = 06171A7929DA8815009974CE /* BottomBarView.swift */; };
		065458F329D153C100638679 /* SpotifyiOS.xcframework in Embed Frameworks */ = {isa = PBXBuildFile; fileRef = 06B280B829D0092B00FD5D83 /* SpotifyiOS.xcframework */; settings = {ATTRIBUTES = (CodeSignOnCopy, RemoveHeadersOnCopy, ); }; };
		065458F529D153C900638679 /* SpotifyiOS.xcframework in Frameworks */ = {isa = PBXBuildFile; fileRef = 06B280B829D0092B00FD5D83 /* SpotifyiOS.xcframework */; };
		06B280AB29D0042C00FD5D83 /* MainApp.swift in Sources */ = {isa = PBXBuildFile; fileRef = 06B280AA29D0042C00FD5D83 /* MainApp.swift */; };
		06B280AD29D0042C00FD5D83 /* ContentView.swift in Sources */ = {isa = PBXBuildFile; fileRef = 06B280AC29D0042C00FD5D83 /* ContentView.swift */; };
		06B280AF29D0042C00FD5D83 /* Assets.xcassets in Resources */ = {isa = PBXBuildFile; fileRef = 06B280AE29D0042C00FD5D83 /* Assets.xcassets */; };
		06B280B229D0042C00FD5D83 /* Preview Assets.xcassets in Resources */ = {isa = PBXBuildFile; fileRef = 06B280B129D0042C00FD5D83 /* Preview Assets.xcassets */; };
		06B280BE29D009FB00FD5D83 /* SpotifyController.swift in Sources */ = {isa = PBXBuildFile; fileRef = 06B280BD29D009FB00FD5D83 /* SpotifyController.swift */; };
		06B280C329D016D400FD5D83 /* Constants.swift in Sources */ = {isa = PBXBuildFile; fileRef = 06B280C229D016D400FD5D83 /* Constants.swift */; };
		06B280C729D13C9E00FD5D83 /* SpotifyAPI in Frameworks */ = {isa = PBXBuildFile; productRef = 06B280C629D13C9E00FD5D83 /* SpotifyAPI */; };
		06B280CB29D13F7100FD5D83 /* RootView.swift in Sources */ = {isa = PBXBuildFile; fileRef = 06B280CA29D13F7100FD5D83 /* RootView.swift */; };
		06B280CE29D141B700FD5D83 /* Spotify.swift in Sources */ = {isa = PBXBuildFile; fileRef = 06B280CD29D141B700FD5D83 /* Spotify.swift */; };
		06B280D129D1423C00FD5D83 /* LoginView.swift in Sources */ = {isa = PBXBuildFile; fileRef = 06B280D029D1423C00FD5D83 /* LoginView.swift */; };
		06B280D329D1427300FD5D83 /* ExamplesListView.swift in Sources */ = {isa = PBXBuildFile; fileRef = 06B280D229D1427300FD5D83 /* ExamplesListView.swift */; };
		06B280D629D1444200FD5D83 /* KeychainAccess in Frameworks */ = {isa = PBXBuildFile; productRef = 06B280D529D1444200FD5D83 /* KeychainAccess */; };
		06B280D929D1448500FD5D83 /* ImageNames.swift in Sources */ = {isa = PBXBuildFile; fileRef = 06B280D829D1448500FD5D83 /* ImageNames.swift */; };
		06B280DB29D144A100FD5D83 /* AlertItem.swift in Sources */ = {isa = PBXBuildFile; fileRef = 06B280DA29D144A100FD5D83 /* AlertItem.swift */; };
		06B280DD29D144EE00FD5D83 /* SearchForTracksView.swift in Sources */ = {isa = PBXBuildFile; fileRef = 06B280DC29D144EE00FD5D83 /* SearchForTracksView.swift */; };
		06B280DF29D1450F00FD5D83 /* TrackView.swift in Sources */ = {isa = PBXBuildFile; fileRef = 06B280DE29D1450F00FD5D83 /* TrackView.swift */; };
		06B280E129D1465300FD5D83 /* SpotifyAPIExtensions.swift in Sources */ = {isa = PBXBuildFile; fileRef = 06B280E029D1465300FD5D83 /* SpotifyAPIExtensions.swift */; };
/* End PBXBuildFile section */

/* Begin PBXCopyFilesBuildPhase section */
		06B280C129D00AEA00FD5D83 /* Embed Frameworks */ = {
			isa = PBXCopyFilesBuildPhase;
			buildActionMask = 2147483647;
			dstPath = "";
			dstSubfolderSpec = 10;
			files = (
				065458F329D153C100638679 /* SpotifyiOS.xcframework in Embed Frameworks */,
			);
			name = "Embed Frameworks";
			runOnlyForDeploymentPostprocessing = 0;
		};
/* End PBXCopyFilesBuildPhase section */

/* Begin PBXFileReference section */
		06171A7929DA8815009974CE /* BottomBarView.swift */ = {isa = PBXFileReference; lastKnownFileType = sourcecode.swift; path = BottomBarView.swift; sourceTree = "<group>"; };
		06B280A729D0042C00FD5D83 /* swift-ui-tutorials.app */ = {isa = PBXFileReference; explicitFileType = wrapper.application; includeInIndex = 0; path = "swift-ui-tutorials.app"; sourceTree = BUILT_PRODUCTS_DIR; };
		06B280AA29D0042C00FD5D83 /* MainApp.swift */ = {isa = PBXFileReference; lastKnownFileType = sourcecode.swift; path = MainApp.swift; sourceTree = "<group>"; };
		06B280AC29D0042C00FD5D83 /* ContentView.swift */ = {isa = PBXFileReference; lastKnownFileType = sourcecode.swift; path = ContentView.swift; sourceTree = "<group>"; };
		06B280AE29D0042C00FD5D83 /* Assets.xcassets */ = {isa = PBXFileReference; lastKnownFileType = folder.assetcatalog; path = Assets.xcassets; sourceTree = "<group>"; };
		06B280B129D0042C00FD5D83 /* Preview Assets.xcassets */ = {isa = PBXFileReference; lastKnownFileType = folder.assetcatalog; path = "Preview Assets.xcassets"; sourceTree = "<group>"; };
		06B280B829D0092B00FD5D83 /* SpotifyiOS.xcframework */ = {isa = PBXFileReference; lastKnownFileType = wrapper.xcframework; path = SpotifyiOS.xcframework; sourceTree = "<group>"; };
		06B280BA29D0094000FD5D83 /* swift-ui-tutorials-Bridging-Header.h */ = {isa = PBXFileReference; lastKnownFileType = sourcecode.c.h; path = "swift-ui-tutorials-Bridging-Header.h"; sourceTree = "<group>"; };
		06B280BD29D009FB00FD5D83 /* SpotifyController.swift */ = {isa = PBXFileReference; lastKnownFileType = sourcecode.swift; path = SpotifyController.swift; sourceTree = "<group>"; };
		06B280C229D016D400FD5D83 /* Constants.swift */ = {isa = PBXFileReference; lastKnownFileType = sourcecode.swift; path = Constants.swift; sourceTree = "<group>"; };
		06B280C429D0B41E00FD5D83 /* Info.plist */ = {isa = PBXFileReference; lastKnownFileType = text.plist; path = Info.plist; sourceTree = "<group>"; };
		06B280CA29D13F7100FD5D83 /* RootView.swift */ = {isa = PBXFileReference; lastKnownFileType = sourcecode.swift; path = RootView.swift; sourceTree = "<group>"; };
		06B280CD29D141B700FD5D83 /* Spotify.swift */ = {isa = PBXFileReference; lastKnownFileType = sourcecode.swift; path = Spotify.swift; sourceTree = "<group>"; };
		06B280D029D1423C00FD5D83 /* LoginView.swift */ = {isa = PBXFileReference; lastKnownFileType = sourcecode.swift; path = LoginView.swift; sourceTree = "<group>"; };
		06B280D229D1427300FD5D83 /* ExamplesListView.swift */ = {isa = PBXFileReference; lastKnownFileType = sourcecode.swift; path = ExamplesListView.swift; sourceTree = "<group>"; };
		06B280D829D1448500FD5D83 /* ImageNames.swift */ = {isa = PBXFileReference; lastKnownFileType = sourcecode.swift; path = ImageNames.swift; sourceTree = "<group>"; };
		06B280DA29D144A100FD5D83 /* AlertItem.swift */ = {isa = PBXFileReference; lastKnownFileType = sourcecode.swift; path = AlertItem.swift; sourceTree = "<group>"; };
		06B280DC29D144EE00FD5D83 /* SearchForTracksView.swift */ = {isa = PBXFileReference; lastKnownFileType = sourcecode.swift; path = SearchForTracksView.swift; sourceTree = "<group>"; };
		06B280DE29D1450F00FD5D83 /* TrackView.swift */ = {isa = PBXFileReference; lastKnownFileType = sourcecode.swift; path = TrackView.swift; sourceTree = "<group>"; };
		06B280E029D1465300FD5D83 /* SpotifyAPIExtensions.swift */ = {isa = PBXFileReference; lastKnownFileType = sourcecode.swift; path = SpotifyAPIExtensions.swift; sourceTree = "<group>"; };
/* End PBXFileReference section */

/* Begin PBXFrameworksBuildPhase section */
		06B280A429D0042C00FD5D83 /* Frameworks */ = {
			isa = PBXFrameworksBuildPhase;
			buildActionMask = 2147483647;
			files = (
				06B280D629D1444200FD5D83 /* KeychainAccess in Frameworks */,
				06B280C729D13C9E00FD5D83 /* SpotifyAPI in Frameworks */,
				065458F529D153C900638679 /* SpotifyiOS.xcframework in Frameworks */,
			);
			runOnlyForDeploymentPostprocessing = 0;
		};
/* End PBXFrameworksBuildPhase section */

/* Begin PBXGroup section */
		065458F429D153C900638679 /* Frameworks */ = {
			isa = PBXGroup;
			children = (
			);
			name = Frameworks;
			sourceTree = "<group>";
		};
		06B2809E29D0042C00FD5D83 = {
			isa = PBXGroup;
			children = (
				06B280A929D0042C00FD5D83 /* swift-ui-tutorials */,
				06B280A829D0042C00FD5D83 /* Products */,
				065458F429D153C900638679 /* Frameworks */,
			);
			sourceTree = "<group>";
		};
		06B280A829D0042C00FD5D83 /* Products */ = {
			isa = PBXGroup;
			children = (
				06B280A729D0042C00FD5D83 /* swift-ui-tutorials.app */,
			);
			name = Products;
			sourceTree = "<group>";
		};
		06B280A929D0042C00FD5D83 /* swift-ui-tutorials */ = {
			isa = PBXGroup;
			children = (
				06B280D729D1447B00FD5D83 /* Utilities */,
				06B280CF29D1422300FD5D83 /* Views */,
				06B280CC29D141A800FD5D83 /* Models */,
				06B280C429D0B41E00FD5D83 /* Info.plist */,
				06B280BA29D0094000FD5D83 /* swift-ui-tutorials-Bridging-Header.h */,
				06B280B829D0092B00FD5D83 /* SpotifyiOS.xcframework */,
				06B280C229D016D400FD5D83 /* Constants.swift */,
				06B280BD29D009FB00FD5D83 /* SpotifyController.swift */,
				06B280AA29D0042C00FD5D83 /* MainApp.swift */,
				06B280AC29D0042C00FD5D83 /* ContentView.swift */,
				06B280AE29D0042C00FD5D83 /* Assets.xcassets */,
				06B280B029D0042C00FD5D83 /* Preview Content */,
				06B280CA29D13F7100FD5D83 /* RootView.swift */,
			);
			path = "swift-ui-tutorials";
			sourceTree = "<group>";
		};
		06B280B029D0042C00FD5D83 /* Preview Content */ = {
			isa = PBXGroup;
			children = (
				06B280B129D0042C00FD5D83 /* Preview Assets.xcassets */,
			);
			path = "Preview Content";
			sourceTree = "<group>";
		};
		06B280CC29D141A800FD5D83 /* Models */ = {
			isa = PBXGroup;
			children = (
				06B280CD29D141B700FD5D83 /* Spotify.swift */,
			);
			path = Models;
			sourceTree = "<group>";
		};
		06B280CF29D1422300FD5D83 /* Views */ = {
			isa = PBXGroup;
			children = (
				06B280D029D1423C00FD5D83 /* LoginView.swift */,
				06B280D229D1427300FD5D83 /* ExamplesListView.swift */,
				06B280DC29D144EE00FD5D83 /* SearchForTracksView.swift */,
				06B280DE29D1450F00FD5D83 /* TrackView.swift */,
				06171A7929DA8815009974CE /* BottomBarView.swift */,
			);
			path = Views;
			sourceTree = "<group>";
		};
		06B280D729D1447B00FD5D83 /* Utilities */ = {
			isa = PBXGroup;
			children = (
				06B280D829D1448500FD5D83 /* ImageNames.swift */,
				06B280DA29D144A100FD5D83 /* AlertItem.swift */,
				06B280E029D1465300FD5D83 /* SpotifyAPIExtensions.swift */,
			);
			path = Utilities;
			sourceTree = "<group>";
		};
/* End PBXGroup section */

/* Begin PBXNativeTarget section */
		06B280A629D0042C00FD5D83 /* swift-ui-tutorials */ = {
			isa = PBXNativeTarget;
			buildConfigurationList = 06B280B529D0042C00FD5D83 /* Build configuration list for PBXNativeTarget "swift-ui-tutorials" */;
			buildPhases = (
				06B280A329D0042C00FD5D83 /* Sources */,
				06B280A429D0042C00FD5D83 /* Frameworks */,
				06B280A529D0042C00FD5D83 /* Resources */,
				06B280C129D00AEA00FD5D83 /* Embed Frameworks */,
			);
			buildRules = (
			);
			dependencies = (
			);
			name = "swift-ui-tutorials";
			packageProductDependencies = (
				06B280C629D13C9E00FD5D83 /* SpotifyAPI */,
				06B280D529D1444200FD5D83 /* KeychainAccess */,
			);
			productName = "swift-ui-tutorials";
			productReference = 06B280A729D0042C00FD5D83 /* swift-ui-tutorials.app */;
			productType = "com.apple.product-type.application";
		};
/* End PBXNativeTarget section */

/* Begin PBXProject section */
		06B2809F29D0042C00FD5D83 /* Project object */ = {
			isa = PBXProject;
			attributes = {
				BuildIndependentTargetsInParallel = 1;
				LastSwiftUpdateCheck = 1420;
				LastUpgradeCheck = 1420;
				TargetAttributes = {
					06B280A629D0042C00FD5D83 = {
						CreatedOnToolsVersion = 14.2;
						LastSwiftMigration = 1420;
					};
				};
			};
			buildConfigurationList = 06B280A229D0042C00FD5D83 /* Build configuration list for PBXProject "swift-ui-tutorials" */;
			compatibilityVersion = "Xcode 14.0";
			developmentRegion = en;
			hasScannedForEncodings = 0;
			knownRegions = (
				en,
				Base,
			);
			mainGroup = 06B2809E29D0042C00FD5D83;
			packageReferences = (
				06B280C529D13C9E00FD5D83 /* XCRemoteSwiftPackageReference "SpotifyAPI" */,
				06B280D429D1444200FD5D83 /* XCRemoteSwiftPackageReference "KeychainAccess" */,
			);
			productRefGroup = 06B280A829D0042C00FD5D83 /* Products */;
			projectDirPath = "";
			projectRoot = "";
			targets = (
				06B280A629D0042C00FD5D83 /* swift-ui-tutorials */,
			);
		};
/* End PBXProject section */

/* Begin PBXResourcesBuildPhase section */
		06B280A529D0042C00FD5D83 /* Resources */ = {
			isa = PBXResourcesBuildPhase;
			buildActionMask = 2147483647;
			files = (
				06B280B229D0042C00FD5D83 /* Preview Assets.xcassets in Resources */,
				06B280AF29D0042C00FD5D83 /* Assets.xcassets in Resources */,
			);
			runOnlyForDeploymentPostprocessing = 0;
		};
/* End PBXResourcesBuildPhase section */

/* Begin PBXSourcesBuildPhase section */
		06B280A329D0042C00FD5D83 /* Sources */ = {
			isa = PBXSourcesBuildPhase;
			buildActionMask = 2147483647;
			files = (
				06B280CE29D141B700FD5D83 /* Spotify.swift in Sources */,
				06B280E129D1465300FD5D83 /* SpotifyAPIExtensions.swift in Sources */,
				06B280D129D1423C00FD5D83 /* LoginView.swift in Sources */,
				06B280AD29D0042C00FD5D83 /* ContentView.swift in Sources */,
				06B280DB29D144A100FD5D83 /* AlertItem.swift in Sources */,
				06171A7A29DA8815009974CE /* BottomBarView.swift in Sources */,
				06B280BE29D009FB00FD5D83 /* SpotifyController.swift in Sources */,
				06B280AB29D0042C00FD5D83 /* MainApp.swift in Sources */,
				06B280C329D016D400FD5D83 /* Constants.swift in Sources */,
				06B280CB29D13F7100FD5D83 /* RootView.swift in Sources */,
				06B280D329D1427300FD5D83 /* ExamplesListView.swift in Sources */,
				06B280D929D1448500FD5D83 /* ImageNames.swift in Sources */,
				06B280DF29D1450F00FD5D83 /* TrackView.swift in Sources */,
				06B280DD29D144EE00FD5D83 /* SearchForTracksView.swift in Sources */,
			);
			runOnlyForDeploymentPostprocessing = 0;
		};
/* End PBXSourcesBuildPhase section */

/* Begin XCBuildConfiguration section */
		06B280B329D0042C00FD5D83 /* Debug */ = {
			isa = XCBuildConfiguration;
			buildSettings = {
				ALWAYS_SEARCH_USER_PATHS = NO;
				CLANG_ANALYZER_NONNULL = YES;
				CLANG_ANALYZER_NUMBER_OBJECT_CONVERSION = YES_AGGRESSIVE;
				CLANG_CXX_LANGUAGE_STANDARD = "gnu++20";
				CLANG_ENABLE_MODULES = YES;
				CLANG_ENABLE_OBJC_ARC = YES;
				CLANG_ENABLE_OBJC_WEAK = YES;
				CLANG_WARN_BLOCK_CAPTURE_AUTORELEASING = YES;
				CLANG_WARN_BOOL_CONVERSION = YES;
				CLANG_WARN_COMMA = YES;
				CLANG_WARN_CONSTANT_CONVERSION = YES;
				CLANG_WARN_DEPRECATED_OBJC_IMPLEMENTATIONS = YES;
				CLANG_WARN_DIRECT_OBJC_ISA_USAGE = YES_ERROR;
				CLANG_WARN_DOCUMENTATION_COMMENTS = YES;
				CLANG_WARN_EMPTY_BODY = YES;
				CLANG_WARN_ENUM_CONVERSION = YES;
				CLANG_WARN_INFINITE_RECURSION = YES;
				CLANG_WARN_INT_CONVERSION = YES;
				CLANG_WARN_NON_LITERAL_NULL_CONVERSION = YES;
				CLANG_WARN_OBJC_IMPLICIT_RETAIN_SELF = YES;
				CLANG_WARN_OBJC_LITERAL_CONVERSION = YES;
				CLANG_WARN_OBJC_ROOT_CLASS = YES_ERROR;
				CLANG_WARN_QUOTED_INCLUDE_IN_FRAMEWORK_HEADER = YES;
				CLANG_WARN_RANGE_LOOP_ANALYSIS = YES;
				CLANG_WARN_STRICT_PROTOTYPES = YES;
				CLANG_WARN_SUSPICIOUS_MOVE = YES;
				CLANG_WARN_UNGUARDED_AVAILABILITY = YES_AGGRESSIVE;
				CLANG_WARN_UNREACHABLE_CODE = YES;
				CLANG_WARN__DUPLICATE_METHOD_MATCH = YES;
				COPY_PHASE_STRIP = NO;
				DEBUG_INFORMATION_FORMAT = dwarf;
				ENABLE_STRICT_OBJC_MSGSEND = YES;
				ENABLE_TESTABILITY = YES;
				GCC_C_LANGUAGE_STANDARD = gnu11;
				GCC_DYNAMIC_NO_PIC = NO;
				GCC_NO_COMMON_BLOCKS = YES;
				GCC_OPTIMIZATION_LEVEL = 0;
				GCC_PREPROCESSOR_DEFINITIONS = (
					"DEBUG=1",
					"$(inherited)",
				);
				GCC_WARN_64_TO_32_BIT_CONVERSION = YES;
				GCC_WARN_ABOUT_RETURN_TYPE = YES_ERROR;
				GCC_WARN_UNDECLARED_SELECTOR = YES;
				GCC_WARN_UNINITIALIZED_AUTOS = YES_AGGRESSIVE;
				GCC_WARN_UNUSED_FUNCTION = YES;
				GCC_WARN_UNUSED_VARIABLE = YES;
				IPHONEOS_DEPLOYMENT_TARGET = 16.2;
				MTL_ENABLE_DEBUG_INFO = INCLUDE_SOURCE;
				MTL_FAST_MATH = YES;
				ONLY_ACTIVE_ARCH = YES;
				SDKROOT = iphoneos;
				SWIFT_ACTIVE_COMPILATION_CONDITIONS = DEBUG;
				SWIFT_OPTIMIZATION_LEVEL = "-Onone";
			};
			name = Debug;
		};
		06B280B429D0042C00FD5D83 /* Release */ = {
			isa = XCBuildConfiguration;
			buildSettings = {
				ALWAYS_SEARCH_USER_PATHS = NO;
				CLANG_ANALYZER_NONNULL = YES;
				CLANG_ANALYZER_NUMBER_OBJECT_CONVERSION = YES_AGGRESSIVE;
				CLANG_CXX_LANGUAGE_STANDARD = "gnu++20";
				CLANG_ENABLE_MODULES = YES;
				CLANG_ENABLE_OBJC_ARC = YES;
				CLANG_ENABLE_OBJC_WEAK = YES;
				CLANG_WARN_BLOCK_CAPTURE_AUTORELEASING = YES;
				CLANG_WARN_BOOL_CONVERSION = YES;
				CLANG_WARN_COMMA = YES;
				CLANG_WARN_CONSTANT_CONVERSION = YES;
				CLANG_WARN_DEPRECATED_OBJC_IMPLEMENTATIONS = YES;
				CLANG_WARN_DIRECT_OBJC_ISA_USAGE = YES_ERROR;
				CLANG_WARN_DOCUMENTATION_COMMENTS = YES;
				CLANG_WARN_EMPTY_BODY = YES;
				CLANG_WARN_ENUM_CONVERSION = YES;
				CLANG_WARN_INFINITE_RECURSION = YES;
				CLANG_WARN_INT_CONVERSION = YES;
				CLANG_WARN_NON_LITERAL_NULL_CONVERSION = YES;
				CLANG_WARN_OBJC_IMPLICIT_RETAIN_SELF = YES;
				CLANG_WARN_OBJC_LITERAL_CONVERSION = YES;
				CLANG_WARN_OBJC_ROOT_CLASS = YES_ERROR;
				CLANG_WARN_QUOTED_INCLUDE_IN_FRAMEWORK_HEADER = YES;
				CLANG_WARN_RANGE_LOOP_ANALYSIS = YES;
				CLANG_WARN_STRICT_PROTOTYPES = YES;
				CLANG_WARN_SUSPICIOUS_MOVE = YES;
				CLANG_WARN_UNGUARDED_AVAILABILITY = YES_AGGRESSIVE;
				CLANG_WARN_UNREACHABLE_CODE = YES;
				CLANG_WARN__DUPLICATE_METHOD_MATCH = YES;
				COPY_PHASE_STRIP = NO;
				DEBUG_INFORMATION_FORMAT = "dwarf-with-dsym";
				ENABLE_NS_ASSERTIONS = NO;
				ENABLE_STRICT_OBJC_MSGSEND = YES;
				GCC_C_LANGUAGE_STANDARD = gnu11;
				GCC_NO_COMMON_BLOCKS = YES;
				GCC_WARN_64_TO_32_BIT_CONVERSION = YES;
				GCC_WARN_ABOUT_RETURN_TYPE = YES_ERROR;
				GCC_WARN_UNDECLARED_SELECTOR = YES;
				GCC_WARN_UNINITIALIZED_AUTOS = YES_AGGRESSIVE;
				GCC_WARN_UNUSED_FUNCTION = YES;
				GCC_WARN_UNUSED_VARIABLE = YES;
				IPHONEOS_DEPLOYMENT_TARGET = 16.2;
				MTL_ENABLE_DEBUG_INFO = NO;
				MTL_FAST_MATH = YES;
				SDKROOT = iphoneos;
				SWIFT_COMPILATION_MODE = wholemodule;
				SWIFT_OPTIMIZATION_LEVEL = "-O";
				VALIDATE_PRODUCT = YES;
			};
			name = Release;
		};
		06B280B629D0042C00FD5D83 /* Debug */ = {
			isa = XCBuildConfiguration;
			buildSettings = {
				ASSETCATALOG_COMPILER_APPICON_NAME = AppIcon;
				ASSETCATALOG_COMPILER_GLOBAL_ACCENT_COLOR_NAME = AccentColor;
				CLANG_ENABLE_MODULES = YES;
				CODE_SIGN_STYLE = Automatic;
				CURRENT_PROJECT_VERSION = 1;
				DEVELOPMENT_ASSET_PATHS = "\"swift-ui-tutorials/Preview Content\"";
				DEVELOPMENT_TEAM = N975GJLKCN;
				ENABLE_PREVIEWS = YES;
				GENERATE_INFOPLIST_FILE = YES;
				INFOPLIST_FILE = "swift-ui-tutorials/Info.plist";
				INFOPLIST_KEY_UIApplicationSceneManifest_Generation = YES;
				INFOPLIST_KEY_UIApplicationSupportsIndirectInputEvents = YES;
				INFOPLIST_KEY_UILaunchScreen_Generation = YES;
				INFOPLIST_KEY_UISupportedInterfaceOrientations_iPad = "UIInterfaceOrientationPortrait UIInterfaceOrientationPortraitUpsideDown UIInterfaceOrientationLandscapeLeft UIInterfaceOrientationLandscapeRight";
				INFOPLIST_KEY_UISupportedInterfaceOrientations_iPhone = "UIInterfaceOrientationPortrait UIInterfaceOrientationLandscapeLeft UIInterfaceOrientationLandscapeRight";
				LD_RUNPATH_SEARCH_PATHS = (
					"$(inherited)",
					"@executable_path/Frameworks",
				);
				MARKETING_VERSION = 1.0;
				PRODUCT_BUNDLE_IDENTIFIER = "jamesodev.swift-ui-tutorials";
				PRODUCT_NAME = "$(TARGET_NAME)";
				SWIFT_EMIT_LOC_STRINGS = YES;
				SWIFT_OBJC_BRIDGING_HEADER = "swift-ui-tutorials/swift-ui-tutorials-Bridging-Header.h";
				SWIFT_OPTIMIZATION_LEVEL = "-Onone";
				SWIFT_VERSION = 5.0;
				TARGETED_DEVICE_FAMILY = "1,2";
			};
			name = Debug;
		};
		06B280B729D0042C00FD5D83 /* Release */ = {
			isa = XCBuildConfiguration;
			buildSettings = {
				ASSETCATALOG_COMPILER_APPICON_NAME = AppIcon;
				ASSETCATALOG_COMPILER_GLOBAL_ACCENT_COLOR_NAME = AccentColor;
				CLANG_ENABLE_MODULES = YES;
				CODE_SIGN_STYLE = Automatic;
				CURRENT_PROJECT_VERSION = 1;
				DEVELOPMENT_ASSET_PATHS = "\"swift-ui-tutorials/Preview Content\"";
				DEVELOPMENT_TEAM = N975GJLKCN;
				ENABLE_PREVIEWS = YES;
				GENERATE_INFOPLIST_FILE = YES;
				INFOPLIST_FILE = "swift-ui-tutorials/Info.plist";
				INFOPLIST_KEY_UIApplicationSceneManifest_Generation = YES;
				INFOPLIST_KEY_UIApplicationSupportsIndirectInputEvents = YES;
				INFOPLIST_KEY_UILaunchScreen_Generation = YES;
				INFOPLIST_KEY_UISupportedInterfaceOrientations_iPad = "UIInterfaceOrientationPortrait UIInterfaceOrientationPortraitUpsideDown UIInterfaceOrientationLandscapeLeft UIInterfaceOrientationLandscapeRight";
				INFOPLIST_KEY_UISupportedInterfaceOrientations_iPhone = "UIInterfaceOrientationPortrait UIInterfaceOrientationLandscapeLeft UIInterfaceOrientationLandscapeRight";
				LD_RUNPATH_SEARCH_PATHS = (
					"$(inherited)",
					"@executable_path/Frameworks",
				);
				MARKETING_VERSION = 1.0;
				PRODUCT_BUNDLE_IDENTIFIER = "jamesodev.swift-ui-tutorials";
				PRODUCT_NAME = "$(TARGET_NAME)";
				SWIFT_EMIT_LOC_STRINGS = YES;
				SWIFT_OBJC_BRIDGING_HEADER = "swift-ui-tutorials/swift-ui-tutorials-Bridging-Header.h";
				SWIFT_VERSION = 5.0;
				TARGETED_DEVICE_FAMILY = "1,2";
			};
			name = Release;
		};
/* End XCBuildConfiguration section */

/* Begin XCConfigurationList section */
		06B280A229D0042C00FD5D83 /* Build configuration list for PBXProject "swift-ui-tutorials" */ = {
			isa = XCConfigurationList;
			buildConfigurations = (
				06B280B329D0042C00FD5D83 /* Debug */,
				06B280B429D0042C00FD5D83 /* Release */,
			);
			defaultConfigurationIsVisible = 0;
			defaultConfigurationName = Release;
		};
		06B280B529D0042C00FD5D83 /* Build configuration list for PBXNativeTarget "swift-ui-tutorials" */ = {
			isa = XCConfigurationList;
			buildConfigurations = (
				06B280B629D0042C00FD5D83 /* Debug */,
				06B280B729D0042C00FD5D83 /* Release */,
			);
			defaultConfigurationIsVisible = 0;
			defaultConfigurationName = Release;
		};
/* End XCConfigurationList section */

/* Begin XCRemoteSwiftPackageReference section */
		06B280C529D13C9E00FD5D83 /* XCRemoteSwiftPackageReference "SpotifyAPI" */ = {
			isa = XCRemoteSwiftPackageReference;
			repositoryURL = "https://github.com/Peter-Schorn/SpotifyAPI#installation";
			requirement = {
				kind = upToNextMajorVersion;
				minimumVersion = 2.0.0;
			};
		};
		06B280D429D1444200FD5D83 /* XCRemoteSwiftPackageReference "KeychainAccess" */ = {
			isa = XCRemoteSwiftPackageReference;
			repositoryURL = "https://github.com/kishikawakatsumi/KeychainAccess";
			requirement = {
				branch = master;
				kind = branch;
			};
		};
/* End XCRemoteSwiftPackageReference section */

/* Begin XCSwiftPackageProductDependency section */
		06B280C629D13C9E00FD5D83 /* SpotifyAPI */ = {
			isa = XCSwiftPackageProductDependency;
			package = 06B280C529D13C9E00FD5D83 /* XCRemoteSwiftPackageReference "SpotifyAPI" */;
			productName = SpotifyAPI;
		};
		06B280D529D1444200FD5D83 /* KeychainAccess */ = {
			isa = XCSwiftPackageProductDependency;
			package = 06B280D429D1444200FD5D83 /* XCRemoteSwiftPackageReference "KeychainAccess" */;
			productName = KeychainAccess;
		};
/* End XCSwiftPackageProductDependency section */
	};
	rootObject = 06B2809F29D0042C00FD5D83 /* Project object */;
}
